# Generated by tooling/sync-vendor.sh. Do not edit by hand.
# destination upstream ref commit
skills/ponytail DietrichGebert/ponytail v5.1.0 9cc65d03aa2da1db7121b912d03596409ee340b8
plugins/pstack cursor/plugins main ccb5507cec1546dc88135c1139c811e6c59115ba
plugins/thermos cursor/plugins main ccb5507cec1546dc88135c1139c811e6c59115ba
