# Generated by tooling/sync-vendor.sh. Do not edit by hand.
# destination upstream ref commit
skills/ponytail DietrichGebert/ponytail v4.13.0 08e952d7a8057a57ce561ff1330d093fd92eec67
plugins/pstack cursor/plugins main d0ef80d86795816da932a153458c5dbe192d294e
plugins/thermos cursor/plugins main d0ef80d86795816da932a153458c5dbe192d294e
